
Microsoft Visual Studio Solution File, Format Version 12.00
# Visual Studio Version 17
VisualStudioVersion = 17.1.32210.238
MinimumVisualStudioVersion = 10.0.40219.1
Project("{FAE04EC0-301F-11D3-BF4B-00C04F79EFBC}") = "WFLogin", "WFLogin.csproj", "{5174D98C-9F76-4E41-AAE9-9620EE26EC25}"
EndProject
Global
	GlobalSection(SolutionConfigurationPlatforms) = preSolution
		Debug|Any CPU = Debug|Any CPU
		Release|Any CPU = Release|Any CPU
	EndGlobalSection
	GlobalSection(ProjectConfigurationPlatforms) = postSolution
		{5174D98C-9F76-4E41-AAE9-9620EE26EC25}.Debug|Any CPU.ActiveCfg = Debug|Any CPU
		{5174D98C-9F76-4E41-AAE9-9620EE26EC25}.Debug|Any CPU.Build.0 = Debug|Any CPU
		{5174D98C-9F76-4E41-AAE9-9620EE26EC25}.Release|Any CPU.ActiveCfg = Release|Any CPU
		{5174D98C-9F76-4E41-AAE9-9620EE26EC25}.Release|Any CPU.Build.0 = Release|Any CPU
	EndGlobalSection
	GlobalSection(SolutionProperties) = preSolution
		HideSolutionNode = FALSE
	EndGlobalSection
	GlobalSection(ExtensibilityGlobals) = postSolution
		SolutionGuid = {21EB0224-C47C-4507-9BF9-2091F3D424A7}
	EndGlobalSection
EndGlobal
